
Microsoft Visual Studio Solution File, Format Version 12.00
# Visual Studio 2012
Project("{FAE04EC0-301F-11D3-BF4B-00C04F79EFBC}") = "TaskEx", "TaskEx\TaskEx.csproj", "{F8A144FF-E737-49E2-A876-7BA32F043F66}"
EndProject
Project("{FAE04EC0-301F-11D3-BF4B-00C04F79EFBC}") = "TaskExTest", "TaskExTest\TaskExTest.csproj", "{068828CA-E098-4EDD-BFF3-DB3DC3AE639E}"
EndProject
Global
	GlobalSection(SolutionConfigurationPlatforms) = preSolution
		Debug|Any CPU = Debug|Any CPU
		Release|Any CPU = Release|Any CPU
	EndGlobalSection
	GlobalSection(ProjectConfigurationPlatforms) = postSolution
		{F8A144FF-E737-49E2-A876-7BA32F043F66}.Debug|Any CPU.ActiveCfg = Debug|Any CPU
		{F8A144FF-E737-49E2-A876-7BA32F043F66}.Debug|Any CPU.Build.0 = Debug|Any CPU
		{F8A144FF-E737-49E2-A876-7BA32F043F66}.Release|Any CPU.ActiveCfg = Release|Any CPU
		{F8A144FF-E737-49E2-A876-7BA32F043F66}.Release|Any CPU.Build.0 = Release|Any CPU
		{068828CA-E098-4EDD-BFF3-DB3DC3AE639E}.Debug|Any CPU.ActiveCfg = Debug|Any CPU
		{068828CA-E098-4EDD-BFF3-DB3DC3AE639E}.Debug|Any CPU.Build.0 = Debug|Any CPU
		{068828CA-E098-4EDD-BFF3-DB3DC3AE639E}.Release|Any CPU.ActiveCfg = Release|Any CPU
		{068828CA-E098-4EDD-BFF3-DB3DC3AE639E}.Release|Any CPU.Build.0 = Release|Any CPU
	EndGlobalSection
	GlobalSection(SolutionProperties) = preSolution
		HideSolutionNode = FALSE
	EndGlobalSection
EndGlobal
